
Microsoft Visual Studio Solution File, Format Version 12.00
# Visual Studio Version 16
VisualStudioVersion = 16.0.30204.135
MinimumVisualStudioVersion = 10.0.40219.1
Project("{FAE04EC0-301F-11D3-BF4B-00C04F79EFBC}") = "PrimerParcial_JoseLuis", "PrimerParcial_JoseLuis.csproj", "{BD5E141D-CE43-460D-8664-F0AA7AFCD3EB}"
EndProject
Global
	GlobalSection(SolutionConfigurationPlatforms) = preSolution
		Debug|Any CPU = Debug|Any CPU
		Release|Any CPU = Release|Any CPU
	EndGlobalSection
	GlobalSection(ProjectConfigurationPlatforms) = postSolution
		{BD5E141D-CE43-460D-8664-F0AA7AFCD3EB}.Debug|Any CPU.ActiveCfg = Debug|Any CPU
		{BD5E141D-CE43-460D-8664-F0AA7AFCD3EB}.Debug|Any CPU.Build.0 = Debug|Any CPU
		{BD5E141D-CE43-460D-8664-F0AA7AFCD3EB}.Release|Any CPU.ActiveCfg = Release|Any CPU
		{BD5E141D-CE43-460D-8664-F0AA7AFCD3EB}.Release|Any CPU.Build.0 = Release|Any CPU
	EndGlobalSection
	GlobalSection(SolutionProperties) = preSolution
		HideSolutionNode = FALSE
	EndGlobalSection
	GlobalSection(ExtensibilityGlobals) = postSolution
		SolutionGuid = {3ECAC09E-CF2F-448F-88A1-4C3DC948FEBD}
	EndGlobalSection
EndGlobal
